Microsoft Visual Studio Solution File, Format Version 12.00
# Visual Studio Version 17
VisualStudioVersion = 17.5.2.0
MinimumVisualStudioVersion = 10.0.40219.1
Project("{FAE04EC0-301F-11D3-BF4B-00C04F79EFBC}") = "ApeGmes", "ApeGmes.csproj", "{DDC921BA-6449-C991-B851-42D5D4E2C6FB}"
EndProject
Global
	GlobalSection(SolutionConfigurationPlatforms) = preSolution
		Debug|Any CPU = Debug|Any CPU
		Release|Any CPU = Release|Any CPU
	EndGlobalSection
	GlobalSection(ProjectConfigurationPlatforms) = postSolution
		{DDC921BA-6449-C991-B851-42D5D4E2C6FB}.Debug|Any CPU.ActiveCfg = Debug|Any CPU
		{DDC921BA-6449-C991-B851-42D5D4E2C6FB}.Debug|Any CPU.Build.0 = Debug|Any CPU
		{DDC921BA-6449-C991-B851-42D5D4E2C6FB}.Release|Any CPU.ActiveCfg = Release|Any CPU
		{DDC921BA-6449-C991-B851-42D5D4E2C6FB}.Release|Any CPU.Build.0 = Release|Any CPU
	EndGlobalSection
	GlobalSection(SolutionProperties) = preSolution
		HideSolutionNode = FALSE
	EndGlobalSection
	GlobalSection(ExtensibilityGlobals) = postSolution
		SolutionGuid = {4D0CA2FB-E010-407D-A1D1-9BE62E135EE9}
	EndGlobalSection
EndGlobal
